<Solution>
  <Project Path="002JournalEncapsulation/002JournalEncapsulation.csproj" Id="5e813b0b-1fa1-4a35-9890-bdabb7abf76e" />
  <Project Path="StaticPressureDifference/StaticPressureDifference.csproj" Id="66956223-0178-41e4-8c2b-6d83f55ac01c" />
  <Project Path="SystemSet/SystemSet.csproj" Id="dc9d5885-a901-4c77-b794-f950ccadb1e4" />
</Solution>
